
Microsoft Visual Studio Solution File, Format Version 12.00
# Visual Studio Version 16
VisualStudioVersion = 16.0.30002.166
MinimumVisualStudioVersion = 10.0.40219.1
Project("{9A19103F-16F7-4668-BE54-9A1E7A4F7556}") = "WebApplication3", "WebApplication3\WebApplication3.csproj", "{840DA22D-AD22-4483-BF49-634EEDBB24D5}"
EndProject
Project("{FAE04EC0-301F-11D3-BF4B-00C04F79EFBC}") = "WebApplication3UnitTests", "WebApplication3UnitTests\WebApplication3UnitTests.csproj", "{6925B2A6-9453-4CA4-807A-F2536CDEBE15}"
EndProject
Global
	GlobalSection(SolutionConfigurationPlatforms) = preSolution
		Debug|Any CPU = Debug|Any CPU
		Release|Any CPU = Release|Any CPU
	EndGlobalSection
	GlobalSection(ProjectConfigurationPlatforms) = postSolution
		{840DA22D-AD22-4483-BF49-634EEDBB24D5}.Debug|Any CPU.ActiveCfg = Debug|Any CPU
		{840DA22D-AD22-4483-BF49-634EEDBB24D5}.Debug|Any CPU.Build.0 = Debug|Any CPU
		{840DA22D-AD22-4483-BF49-634EEDBB24D5}.Release|Any CPU.ActiveCfg = Release|Any CPU
		{840DA22D-AD22-4483-BF49-634EEDBB24D5}.Release|Any CPU.Build.0 = Release|Any CPU
		{6925B2A6-9453-4CA4-807A-F2536CDEBE15}.Debug|Any CPU.ActiveCfg = Debug|Any CPU
		{6925B2A6-9453-4CA4-807A-F2536CDEBE15}.Debug|Any CPU.Build.0 = Debug|Any CPU
		{6925B2A6-9453-4CA4-807A-F2536CDEBE15}.Release|Any CPU.ActiveCfg = Release|Any CPU
		{6925B2A6-9453-4CA4-807A-F2536CDEBE15}.Release|Any CPU.Build.0 = Release|Any CPU
	EndGlobalSection
	GlobalSection(SolutionProperties) = preSolution
		HideSolutionNode = FALSE
	EndGlobalSection
	GlobalSection(ExtensibilityGlobals) = postSolution
		SolutionGuid = {ACF7602C-5B17-4668-B2A5-A3385BCECC6B}
	EndGlobalSection
EndGlobal
